
Microsoft Visual Studio Solution File, Format Version 12.00
# Visual Studio Version 17
VisualStudioVersion = 17.8.34309.116
MinimumVisualStudioVersion = 10.0.40219.1
Project("{9A19103F-16F7-4668-BE54-9A1E7A4F7556}") = "Penalty", "Penalty.csproj", "{886D571A-53EC-4559-AE00-2845B18D1EDB}"
EndProject
Project("{9A19103F-16F7-4668-BE54-9A1E7A4F7556}") = "Alokasi", "Alokasi\Alokasi.csproj", "{4CDDF4B3-9D97-4788-AAC3-5FCCA275E282}"
EndProject
Global
	GlobalSection(SolutionConfigurationPlatforms) = preSolution
		Debug|Any CPU = Debug|Any CPU
		Release|Any CPU = Release|Any CPU
	EndGlobalSection
	GlobalSection(ProjectConfigurationPlatforms) = postSolution
		{886D571A-53EC-4559-AE00-2845B18D1EDB}.Debug|Any CPU.ActiveCfg = Debug|Any CPU
		{886D571A-53EC-4559-AE00-2845B18D1EDB}.Debug|Any CPU.Build.0 = Debug|Any CPU
		{886D571A-53EC-4559-AE00-2845B18D1EDB}.Release|Any CPU.ActiveCfg = Release|Any CPU
		{886D571A-53EC-4559-AE00-2845B18D1EDB}.Release|Any CPU.Build.0 = Release|Any CPU
		{4CDDF4B3-9D97-4788-AAC3-5FCCA275E282}.Debug|Any CPU.ActiveCfg = Debug|Any CPU
		{4CDDF4B3-9D97-4788-AAC3-5FCCA275E282}.Debug|Any CPU.Build.0 = Debug|Any CPU
		{4CDDF4B3-9D97-4788-AAC3-5FCCA275E282}.Release|Any CPU.ActiveCfg = Release|Any CPU
		{4CDDF4B3-9D97-4788-AAC3-5FCCA275E282}.Release|Any CPU.Build.0 = Release|Any CPU
	EndGlobalSection
	GlobalSection(SolutionProperties) = preSolution
		HideSolutionNode = FALSE
	EndGlobalSection
	GlobalSection(ExtensibilityGlobals) = postSolution
		SolutionGuid = {E5A3F247-DF60-48F7-AF8F-86FFBED684D9}
	EndGlobalSection
EndGlobal
