
Microsoft Visual Studio Solution File, Format Version 12.00
# Visual Studio Version 17
VisualStudioVersion = 17.8.34309.116
MinimumVisualStudioVersion = 10.0.40219.1
Project("{9A19103F-16F7-4668-BE54-9A1E7A4F7556}") = "Alokasi", "Alokasi\Alokasi.csproj", "{4CDDF4B3-9D97-4788-AAC3-5FCCA275E282}"
EndProject
Project("{9A19103F-16F7-4668-BE54-9A1E7A4F7556}") = "Penalty", "Penalty\Penalty.csproj", "{3C3C7803-8CE9-4A32-92C8-A1F1173DF635}"
EndProject
Project("{9A19103F-16F7-4668-BE54-9A1E7A4F7556}") = "Algoritma1", "Algoritma1\Algoritma1\Algoritma1.csproj", "{5165294F-13C4-4A5B-BE3C-9810A49018C1}"
EndProject
Project("{FAE04EC0-301F-11D3-BF4B-00C04F79EFBC}") = "Algoritma2", "Algoritma2\Algoritma2\Algoritma2.csproj", "{E1026D32-F8EF-41CF-B4DD-8C3A84A0E8F7}"
EndProject
Global
	GlobalSection(SolutionConfigurationPlatforms) = preSolution
		Debug|Any CPU = Debug|Any CPU
		Release|Any CPU = Release|Any CPU
	EndGlobalSection
	GlobalSection(ProjectConfigurationPlatforms) = postSolution
		{4CDDF4B3-9D97-4788-AAC3-5FCCA275E282}.Debug|Any CPU.ActiveCfg = Debug|Any CPU
		{4CDDF4B3-9D97-4788-AAC3-5FCCA275E282}.Debug|Any CPU.Build.0 = Debug|Any CPU
		{4CDDF4B3-9D97-4788-AAC3-5FCCA275E282}.Release|Any CPU.ActiveCfg = Release|Any CPU
		{4CDDF4B3-9D97-4788-AAC3-5FCCA275E282}.Release|Any CPU.Build.0 = Release|Any CPU
		{3C3C7803-8CE9-4A32-92C8-A1F1173DF635}.Debug|Any CPU.ActiveCfg = Debug|Any CPU
		{3C3C7803-8CE9-4A32-92C8-A1F1173DF635}.Debug|Any CPU.Build.0 = Debug|Any CPU
		{3C3C7803-8CE9-4A32-92C8-A1F1173DF635}.Release|Any CPU.ActiveCfg = Release|Any CPU
		{3C3C7803-8CE9-4A32-92C8-A1F1173DF635}.Release|Any CPU.Build.0 = Release|Any CPU
		{5165294F-13C4-4A5B-BE3C-9810A49018C1}.Debug|Any CPU.ActiveCfg = Debug|Any CPU
		{5165294F-13C4-4A5B-BE3C-9810A49018C1}.Debug|Any CPU.Build.0 = Debug|Any CPU
		{5165294F-13C4-4A5B-BE3C-9810A49018C1}.Release|Any CPU.ActiveCfg = Release|Any CPU
		{5165294F-13C4-4A5B-BE3C-9810A49018C1}.Release|Any CPU.Build.0 = Release|Any CPU
		{E1026D32-F8EF-41CF-B4DD-8C3A84A0E8F7}.Debug|Any CPU.ActiveCfg = Debug|Any CPU
		{E1026D32-F8EF-41CF-B4DD-8C3A84A0E8F7}.Debug|Any CPU.Build.0 = Debug|Any CPU
		{E1026D32-F8EF-41CF-B4DD-8C3A84A0E8F7}.Release|Any CPU.ActiveCfg = Release|Any CPU
		{E1026D32-F8EF-41CF-B4DD-8C3A84A0E8F7}.Release|Any CPU.Build.0 = Release|Any CPU
	EndGlobalSection
	GlobalSection(SolutionProperties) = preSolution
		HideSolutionNode = FALSE
	EndGlobalSection
	GlobalSection(ExtensibilityGlobals) = postSolution
		SolutionGuid = {E5A3F247-DF60-48F7-AF8F-86FFBED684D9}
	EndGlobalSection
EndGlobal
